
Microsoft Visual Studio Solution File, Format Version 12.00
# Visual Studio 15
VisualStudioVersion = 15.0.28307.168
MinimumVisualStudioVersion = 10.0.40219.1
Project("{2150E333-8FDC-42A3-9474-1A3956D46DE8}") = "Solution Items", "Solution Items", "{1939BFF1-B590-46D7-80D6-4290FA299810}"
	ProjectSection(SolutionItems) = preProject
		Configurations.targets = Configurations.targets
	EndProjectSection
EndProject
Project("{9A19103F-16F7-4668-BE54-9A1E7A4F7556}") = "NetStandardSample", "NetStandardSample\NetStandardSample.csproj", "{7C2A45B9-BD6B-4616-944C-2E23593CB940}"
EndProject
Project("{9A19103F-16F7-4668-BE54-9A1E7A4F7556}") = "NetStandardSampleTests", "NetStandardSampleTests\NetStandardSampleTests.csproj", "{4F781C00-A9CB-494B-AD63-394F3432496B}"
EndProject
Project("{9A19103F-16F7-4668-BE54-9A1E7A4F7556}") = "NetCoreSample", "NetCoreSample\NetCoreSample.csproj", "{3390E482-1783-4C8C-861E-18FD35B79E57}"
EndProject
Project("{9A19103F-16F7-4668-BE54-9A1E7A4F7556}") = "NetCoreSampleTests", "NetCoreSampleTests\NetCoreSampleTests.csproj", "{28C82F8B-805E-4B05-B5F5-B37CBDEF9BF7}"
EndProject
Project("{FAE04EC0-301F-11D3-BF4B-00C04F79EFBC}") = "NetFrameworkSample", "NetFrameworkSample\NetFrameworkSample.csproj", "{A7D9D8FD-DD1B-4A1D-91D8-8858CD4A2895}"
EndProject
Project("{FAE04EC0-301F-11D3-BF4B-00C04F79EFBC}") = "NetFrameworkSampleTests", "NetFrameworkSampleTests\NetFrameworkSampleTests.csproj", "{ECC63E94-0BB6-423A-8C92-87C48897DBB4}"
EndProject
Global
	GlobalSection(SolutionConfigurationPlatforms) = preSolution
		Debug|Any CPU = Debug|Any CPU
		Debug|x64 = Debug|x64
		Debug|x86 = Debug|x86
		Release|Any CPU = Release|Any CPU
		Release|x64 = Release|x64
		Release|x86 = Release|x86
	EndGlobalSection
	GlobalSection(ProjectConfigurationPlatforms) = postSolution
		{7C2A45B9-BD6B-4616-944C-2E23593CB940}.Debug|Any CPU.ActiveCfg = Debug|Any CPU
		{7C2A45B9-BD6B-4616-944C-2E23593CB940}.Debug|Any CPU.Build.0 = Debug|Any CPU
		{7C2A45B9-BD6B-4616-944C-2E23593CB940}.Debug|x64.ActiveCfg = Debug|x64
		{7C2A45B9-BD6B-4616-944C-2E23593CB940}.Debug|x64.Build.0 = Debug|x64
		{7C2A45B9-BD6B-4616-944C-2E23593CB940}.Debug|x86.ActiveCfg = Debug|x86
		{7C2A45B9-BD6B-4616-944C-2E23593CB940}.Debug|x86.Build.0 = Debug|x86
		{7C2A45B9-BD6B-4616-944C-2E23593CB940}.Release|Any CPU.ActiveCfg = Release|Any CPU
		{7C2A45B9-BD6B-4616-944C-2E23593CB940}.Release|Any CPU.Build.0 = Release|Any CPU
		{7C2A45B9-BD6B-4616-944C-2E23593CB940}.Release|x64.ActiveCfg = Release|x64
		{7C2A45B9-BD6B-4616-944C-2E23593CB940}.Release|x64.Build.0 = Release|x64
		{7C2A45B9-BD6B-4616-944C-2E23593CB940}.Release|x86.ActiveCfg = Release|x86
		{7C2A45B9-BD6B-4616-944C-2E23593CB940}.Release|x86.Build.0 = Release|x86
		{4F781C00-A9CB-494B-AD63-394F3432496B}.Debug|Any CPU.ActiveCfg = Debug|Any CPU
		{4F781C00-A9CB-494B-AD63-394F3432496B}.Debug|Any CPU.Build.0 = Debug|Any CPU
		{4F781C00-A9CB-494B-AD63-394F3432496B}.Debug|x64.ActiveCfg = Debug|x64
		{4F781C00-A9CB-494B-AD63-394F3432496B}.Debug|x64.Build.0 = Debug|x64
		{4F781C00-A9CB-494B-AD63-394F3432496B}.Debug|x86.ActiveCfg = Debug|x86
		{4F781C00-A9CB-494B-AD63-394F3432496B}.Debug|x86.Build.0 = Debug|x86
		{4F781C00-A9CB-494B-AD63-394F3432496B}.Release|Any CPU.ActiveCfg = Release|Any CPU
		{4F781C00-A9CB-494B-AD63-394F3432496B}.Release|Any CPU.Build.0 = Release|Any CPU
		{4F781C00-A9CB-494B-AD63-394F3432496B}.Release|x64.ActiveCfg = Release|x64
		{4F781C00-A9CB-494B-AD63-394F3432496B}.Release|x64.Build.0 = Release|x64
		{4F781C00-A9CB-494B-AD63-394F3432496B}.Release|x86.ActiveCfg = Release|x86
		{4F781C00-A9CB-494B-AD63-394F3432496B}.Release|x86.Build.0 = Release|x86
		{3390E482-1783-4C8C-861E-18FD35B79E57}.Debug|Any CPU.ActiveCfg = Debug|Any CPU
		{3390E482-1783-4C8C-861E-18FD35B79E57}.Debug|Any CPU.Build.0 = Debug|Any CPU
		{3390E482-1783-4C8C-861E-18FD35B79E57}.Debug|x64.ActiveCfg = Debug|x64
		{3390E482-1783-4C8C-861E-18FD35B79E57}.Debug|x64.Build.0 = Debug|x64
		{3390E482-1783-4C8C-861E-18FD35B79E57}.Debug|x86.ActiveCfg = Debug|x86
		{3390E482-1783-4C8C-861E-18FD35B79E57}.Debug|x86.Build.0 = Debug|x86
		{3390E482-1783-4C8C-861E-18FD35B79E57}.Release|Any CPU.ActiveCfg = Release|Any CPU
		{3390E482-1783-4C8C-861E-18FD35B79E57}.Release|Any CPU.Build.0 = Release|Any CPU
		{3390E482-1783-4C8C-861E-18FD35B79E57}.Release|x64.ActiveCfg = Release|x64
		{3390E482-1783-4C8C-861E-18FD35B79E57}.Release|x64.Build.0 = Release|x64
		{3390E482-1783-4C8C-861E-18FD35B79E57}.Release|x86.ActiveCfg = Release|x86
		{3390E482-1783-4C8C-861E-18FD35B79E57}.Release|x86.Build.0 = Release|x86
		{28C82F8B-805E-4B05-B5F5-B37CBDEF9BF7}.Debug|Any CPU.ActiveCfg = Debug|Any CPU
		{28C82F8B-805E-4B05-B5F5-B37CBDEF9BF7}.Debug|Any CPU.Build.0 = Debug|Any CPU
		{28C82F8B-805E-4B05-B5F5-B37CBDEF9BF7}.Debug|x64.ActiveCfg = Debug|x64
		{28C82F8B-805E-4B05-B5F5-B37CBDEF9BF7}.Debug|x64.Build.0 = Debug|x64
		{28C82F8B-805E-4B05-B5F5-B37CBDEF9BF7}.Debug|x86.ActiveCfg = Debug|x86
		{28C82F8B-805E-4B05-B5F5-B37CBDEF9BF7}.Debug|x86.Build.0 = Debug|x86
		{28C82F8B-805E-4B05-B5F5-B37CBDEF9BF7}.Release|Any CPU.ActiveCfg = Release|Any CPU
		{28C82F8B-805E-4B05-B5F5-B37CBDEF9BF7}.Release|Any CPU.Build.0 = Release|Any CPU
		{28C82F8B-805E-4B05-B5F5-B37CBDEF9BF7}.Release|x64.ActiveCfg = Release|x64
		{28C82F8B-805E-4B05-B5F5-B37CBDEF9BF7}.Release|x64.Build.0 = Release|x64
		{28C82F8B-805E-4B05-B5F5-B37CBDEF9BF7}.Release|x86.ActiveCfg = Release|x86
		{28C82F8B-805E-4B05-B5F5-B37CBDEF9BF7}.Release|x86.Build.0 = Release|x86
		{A7D9D8FD-DD1B-4A1D-91D8-8858CD4A2895}.Debug|Any CPU.ActiveCfg = Debug|Any CPU
		{A7D9D8FD-DD1B-4A1D-91D8-8858CD4A2895}.Debug|Any CPU.Build.0 = Debug|Any CPU
		{A7D9D8FD-DD1B-4A1D-91D8-8858CD4A2895}.Debug|x64.ActiveCfg = Debug|x64
		{A7D9D8FD-DD1B-4A1D-91D8-8858CD4A2895}.Debug|x64.Build.0 = Debug|x64
		{A7D9D8FD-DD1B-4A1D-91D8-8858CD4A2895}.Debug|x86.ActiveCfg = Debug|x86
		{A7D9D8FD-DD1B-4A1D-91D8-8858CD4A2895}.Debug|x86.Build.0 = Debug|x86
		{A7D9D8FD-DD1B-4A1D-91D8-8858CD4A2895}.Release|Any CPU.ActiveCfg = Release|Any CPU
		{A7D9D8FD-DD1B-4A1D-91D8-8858CD4A2895}.Release|Any CPU.Build.0 = Release|Any CPU
		{A7D9D8FD-DD1B-4A1D-91D8-8858CD4A2895}.Release|x64.ActiveCfg = Release|x64
		{A7D9D8FD-DD1B-4A1D-91D8-8858CD4A2895}.Release|x64.Build.0 = Release|x64
		{A7D9D8FD-DD1B-4A1D-91D8-8858CD4A2895}.Release|x86.ActiveCfg = Release|x86
		{A7D9D8FD-DD1B-4A1D-91D8-8858CD4A2895}.Release|x86.Build.0 = Release|x86
		{ECC63E94-0BB6-423A-8C92-87C48897DBB4}.Debug|Any CPU.ActiveCfg = Debug|Any CPU
		{ECC63E94-0BB6-423A-8C92-87C48897DBB4}.Debug|Any CPU.Build.0 = Debug|Any CPU
		{ECC63E94-0BB6-423A-8C92-87C48897DBB4}.Debug|x64.ActiveCfg = Debug|x64
		{ECC63E94-0BB6-423A-8C92-87C48897DBB4}.Debug|x64.Build.0 = Debug|x64
		{ECC63E94-0BB6-423A-8C92-87C48897DBB4}.Debug|x86.ActiveCfg = Debug|x86
		{ECC63E94-0BB6-423A-8C92-87C48897DBB4}.Debug|x86.Build.0 = Debug|x86
		{ECC63E94-0BB6-423A-8C92-87C48897DBB4}.Release|Any CPU.ActiveCfg = Release|Any CPU
		{ECC63E94-0BB6-423A-8C92-87C48897DBB4}.Release|Any CPU.Build.0 = Release|Any CPU
		{ECC63E94-0BB6-423A-8C92-87C48897DBB4}.Release|x64.ActiveCfg = Release|x64
		{ECC63E94-0BB6-423A-8C92-87C48897DBB4}.Release|x64.Build.0 = Release|x64
		{ECC63E94-0BB6-423A-8C92-87C48897DBB4}.Release|x86.ActiveCfg = Release|x86
		{ECC63E94-0BB6-423A-8C92-87C48897DBB4}.Release|x86.Build.0 = Release|x86
	EndGlobalSection
	GlobalSection(SolutionProperties) = preSolution
		HideSolutionNode = FALSE
	EndGlobalSection
	GlobalSection(ExtensibilityGlobals) = postSolution
		SolutionGuid = {59232FAD-4D55-44B8-94F3-896BE51B750C}
	EndGlobalSection
EndGlobal
