
Microsoft Visual Studio Solution File, Format Version 12.00
# Visual Studio Version 16
VisualStudioVersion = 16.0.29806.167
MinimumVisualStudioVersion = 10.0.40219.1
Project("{2150E333-8FDC-42A3-9474-1A3956D46DE8}") = "Solution Items", "Solution Items", "{1939BFF1-B590-46D7-80D6-4290FA299810}"
	ProjectSection(SolutionItems) = preProject
		Configurations.targets = Configurations.targets
		publish.ps1 = publish.ps1
	EndProjectSection
EndProject
Project("{9A19103F-16F7-4668-BE54-9A1E7A4F7556}") = "Nuclear.Test", "Nuclear.Test\Nuclear.Test.csproj", "{5D2E96BA-728C-40DD-B2B6-881D7A4C4080}"
EndProject
Project("{9A19103F-16F7-4668-BE54-9A1E7A4F7556}") = "Nuclear.Test.uTests", "Nuclear.Test.uTests\Nuclear.Test.uTests.csproj", "{CE44007B-3BFA-4CBE-A3A6-71D8BFD5B66F}"
EndProject
Project("{9A19103F-16F7-4668-BE54-9A1E7A4F7556}") = "Nuclear.Test.Contracts", "Nuclear.Test.Contracts\Nuclear.Test.Contracts.csproj", "{2902C5AB-5541-4EFE-8964-0AC3244C51BC}"
EndProject
Project("{9A19103F-16F7-4668-BE54-9A1E7A4F7556}") = "Nuclear.Test.Writer.Console", "Nuclear.Test.Writer.Console\Nuclear.Test.Writer.Console.csproj", "{8D3EC14E-B3E5-4F52-869C-0899ECF3E0D8}"
EndProject
Project("{9A19103F-16F7-4668-BE54-9A1E7A4F7556}") = "Nuclear.Test.Writer.Json", "Nuclear.Test.Writer.Json\Nuclear.Test.Writer.Json.csproj", "{5C67ADE8-B602-4109-BDA4-6EA673EE52E4}"
EndProject
Global
	GlobalSection(SolutionConfigurationPlatforms) = preSolution
		Debug|Any CPU = Debug|Any CPU
		Integration|Any CPU = Integration|Any CPU
		Release|Any CPU = Release|Any CPU
	EndGlobalSection
	GlobalSection(ProjectConfigurationPlatforms) = postSolution
		{5D2E96BA-728C-40DD-B2B6-881D7A4C4080}.Debug|Any CPU.ActiveCfg = Debug|Any CPU
		{5D2E96BA-728C-40DD-B2B6-881D7A4C4080}.Debug|Any CPU.Build.0 = Debug|Any CPU
		{5D2E96BA-728C-40DD-B2B6-881D7A4C4080}.Integration|Any CPU.ActiveCfg = Integration|Any CPU
		{5D2E96BA-728C-40DD-B2B6-881D7A4C4080}.Integration|Any CPU.Build.0 = Integration|Any CPU
		{5D2E96BA-728C-40DD-B2B6-881D7A4C4080}.Release|Any CPU.ActiveCfg = Release|Any CPU
		{5D2E96BA-728C-40DD-B2B6-881D7A4C4080}.Release|Any CPU.Build.0 = Release|Any CPU
		{CE44007B-3BFA-4CBE-A3A6-71D8BFD5B66F}.Debug|Any CPU.ActiveCfg = Debug|Any CPU
		{CE44007B-3BFA-4CBE-A3A6-71D8BFD5B66F}.Debug|Any CPU.Build.0 = Debug|Any CPU
		{CE44007B-3BFA-4CBE-A3A6-71D8BFD5B66F}.Integration|Any CPU.ActiveCfg = Integration|Any CPU
		{CE44007B-3BFA-4CBE-A3A6-71D8BFD5B66F}.Integration|Any CPU.Build.0 = Integration|Any CPU
		{CE44007B-3BFA-4CBE-A3A6-71D8BFD5B66F}.Release|Any CPU.ActiveCfg = Release|Any CPU
		{CE44007B-3BFA-4CBE-A3A6-71D8BFD5B66F}.Release|Any CPU.Build.0 = Release|Any CPU
		{2902C5AB-5541-4EFE-8964-0AC3244C51BC}.Debug|Any CPU.ActiveCfg = Debug|Any CPU
		{2902C5AB-5541-4EFE-8964-0AC3244C51BC}.Debug|Any CPU.Build.0 = Debug|Any CPU
		{2902C5AB-5541-4EFE-8964-0AC3244C51BC}.Integration|Any CPU.ActiveCfg = Integration|Any CPU
		{2902C5AB-5541-4EFE-8964-0AC3244C51BC}.Integration|Any CPU.Build.0 = Integration|Any CPU
		{2902C5AB-5541-4EFE-8964-0AC3244C51BC}.Release|Any CPU.ActiveCfg = Release|Any CPU
		{2902C5AB-5541-4EFE-8964-0AC3244C51BC}.Release|Any CPU.Build.0 = Release|Any CPU
		{8D3EC14E-B3E5-4F52-869C-0899ECF3E0D8}.Debug|Any CPU.ActiveCfg = Debug|Any CPU
		{8D3EC14E-B3E5-4F52-869C-0899ECF3E0D8}.Debug|Any CPU.Build.0 = Debug|Any CPU
		{8D3EC14E-B3E5-4F52-869C-0899ECF3E0D8}.Integration|Any CPU.ActiveCfg = Integration|Any CPU
		{8D3EC14E-B3E5-4F52-869C-0899ECF3E0D8}.Integration|Any CPU.Build.0 = Integration|Any CPU
		{8D3EC14E-B3E5-4F52-869C-0899ECF3E0D8}.Release|Any CPU.ActiveCfg = Release|Any CPU
		{8D3EC14E-B3E5-4F52-869C-0899ECF3E0D8}.Release|Any CPU.Build.0 = Release|Any CPU
		{5C67ADE8-B602-4109-BDA4-6EA673EE52E4}.Debug|Any CPU.ActiveCfg = Debug|Any CPU
		{5C67ADE8-B602-4109-BDA4-6EA673EE52E4}.Debug|Any CPU.Build.0 = Debug|Any CPU
		{5C67ADE8-B602-4109-BDA4-6EA673EE52E4}.Integration|Any CPU.ActiveCfg = Integration|Any CPU
		{5C67ADE8-B602-4109-BDA4-6EA673EE52E4}.Integration|Any CPU.Build.0 = Integration|Any CPU
		{5C67ADE8-B602-4109-BDA4-6EA673EE52E4}.Release|Any CPU.ActiveCfg = Release|Any CPU
		{5C67ADE8-B602-4109-BDA4-6EA673EE52E4}.Release|Any CPU.Build.0 = Release|Any CPU
	EndGlobalSection
	GlobalSection(SolutionProperties) = preSolution
		HideSolutionNode = FALSE
	EndGlobalSection
	GlobalSection(ExtensibilityGlobals) = postSolution
		SolutionGuid = {59232FAD-4D55-44B8-94F3-896BE51B750C}
	EndGlobalSection
EndGlobal
